PODS:
  - NBus (0.1.0):
    - NBus/SDKHandlers (= 0.1.0)
  - NBus/Core (0.1.0)
  - NBus/QQSDK (0.1.0)
  - NBus/QQSDKHandler (0.1.0):
    - NBus/Core
    - NBus/QQSDK
  - NBus/SDKHandlers (0.1.0):
    - NBus/QQSDKHandler

DEPENDENCIES:
  - NBus (from `../`)

EXTERNAL SOURCES:
  NBus:
    :path: "../"

SPEC CHECKSUMS:
  NBus: c12ed5cb2ddc13afc430b57fcce30a80db2076b9

PODFILE CHECKSUM: ed8bf132f5d937720bd28c5c8470530dcaa0ac6b

COCOAPODS: 1.9.3
