PODS:
  - NBus (0.7.0):
    - NBus/SDKHandlers (= 0.7.0)
  - NBus/Core (0.7.0)
  - NBus/QQSDK (0.7.0)
  - NBus/QQSDKHandler (0.7.0):
    - NBus/Core
    - NBus/QQSDK
  - NBus/SDKHandlers (0.7.0):
    - NBus/QQSDKHandler
    - NBus/SystemHandler
    - NBus/WechatSDKHandler
    - NBus/WeiboSDKHandler
  - NBus/SystemHandler (0.7.0):
    - NBus/Core
  - NBus/WechatSDK (0.7.0)
  - NBus/WechatSDKHandler (0.7.0):
    - NBus/Core
    - NBus/WechatSDK
  - NBus/WeiboSDK (0.7.0)
  - NBus/WeiboSDKHandler (0.7.0):
    - NBus/Core
    - NBus/WeiboSDK
  - PinLayout (1.9.2)
  - RxCocoa (5.1.1):
    - RxRelay (~> 5)
    - RxSwift (~> 5)
  - RxRelay (5.1.1):
    - RxSwift (~> 5)
  - RxSwift (5.1.1)
  - SwiftTrace (6.6.0)

DEPENDENCIES:
  - NBus (from `../`)
  - PinLayout
  - RxCocoa
  - SwiftTrace

SPEC REPOS:
  trunk:
    - PinLayout
    - RxCocoa
    - RxRelay
    - RxSwift
    - SwiftTrace

EXTERNAL SOURCES:
  NBus:
    :path: "../"

SPEC CHECKSUMS:
  NBus: 956e0711f202ced6ffe2b9eaccb8b696f9e87585
  PinLayout: 0d96022e46e8b80468d819f182a393b97ca038da
  RxCocoa: 32065309a38d29b5b0db858819b5bf9ef038b601
  RxRelay: d77f7d771495f43c556cbc43eebd1bb54d01e8e9
  RxSwift: 81470a2074fa8780320ea5fe4102807cb7118178
  SwiftTrace: affc6601a316add7c299a3916d9f43c286a583ef

PODFILE CHECKSUM: f587d3fe8cbd747cd65b94bf52b0ee7e71effe2a

COCOAPODS: 1.10.0
