PODS:
  - NBus/BusHandlers (0.7.0):
    - NBus/QQHandler
    - NBus/SystemHandler
  - NBus/Core (0.7.0)
  - NBus/QQHandler (0.7.0):
    - NBus/Core
  - NBus/QQSDK (0.7.0)
  - NBus/QQSDKHandler (0.7.0):
    - NBus/Core
    - NBus/QQSDK
  - NBus/SDKHandlers (0.7.0):
    - NBus/QQSDKHandler
    - NBus/SystemHandler
    - NBus/WechatSDKHandler
    - NBus/WeiboSDKHandler
  - NBus/SystemHandler (0.7.0):
    - NBus/Core
  - NBus/WechatSDK (0.7.0)
  - NBus/WechatSDKHandler (0.7.0):
    - NBus/Core
    - NBus/WechatSDK
  - NBus/WeiboSDK (0.7.0)
  - NBus/WeiboSDKHandler (0.7.0):
    - NBus/Core
    - NBus/WeiboSDK
  - PinLayout (1.9.3)
  - RxCocoa (6.0.0):
    - RxRelay (= 6.0.0)
    - RxSwift (= 6.0.0)
  - RxRelay (6.0.0):
    - RxSwift (= 6.0.0)
  - RxSwift (6.0.0)
  - SwiftTrace (6.6.0)
  - WoodPeckeriOS (1.2.9)

DEPENDENCIES:
  - NBus/BusHandlers (from `../`)
  - NBus/SDKHandlers (from `../`)
  - PinLayout
  - RxCocoa
  - SwiftTrace
  - WoodPeckeriOS

SPEC REPOS:
  trunk:
    - PinLayout
    - RxCocoa
    - RxRelay
    - RxSwift
    - SwiftTrace
    - WoodPeckeriOS

EXTERNAL SOURCES:
  NBus:
    :path: "../"

SPEC CHECKSUMS:
  NBus: 909effc8a33bd2e5e3549406dc8b718f028f1776
  PinLayout: 4d8733121f8687edcc8f00c19bf1379d12808767
  RxCocoa: 3f79328fafa3645b34600f37c31e64c73ae3a80e
  RxRelay: 8d593be109c06ea850df027351beba614b012ffb
  RxSwift: c14e798c59b9f6e9a2df8fd235602e85cc044295
  SwiftTrace: affc6601a316add7c299a3916d9f43c286a583ef
  WoodPeckeriOS: f16864f7a78d5c6daa605591dd66690d466d95be

PODFILE CHECKSUM: 5bd2560c0821586df3f229f1739f98be39727940

COCOAPODS: 1.10.0
